lockfileVersion: '9.0'

settings:
  autoInstallPeers: true
  excludeLinksFromLockfile: false

importers:

  .: {}

  sdk/javascript:
    dependencies:
      react:
        specifier: '>=18'
        version: 19.2.6
    devDependencies:
      '@types/react':
        specifier: ^19
        version: 19.2.14
      typescript:
        specifier: ^5
        version: 5.9.3

  sdk/modules/appliances:
    dependencies:
      '@portakiapp/module-sdk':
        specifier: workspace:*
        version: link:../../javascript
      react:
        specifier: ^19.1.0
        version: 19.2.6
      react-dom:
        specifier: ^19.1.0
        version: 19.2.6(react@19.2.6)
    devDependencies:
      '@types/react':
        specifier: ^19
        version: 19.2.14
      typescript:
        specifier: ^5
        version: 5.9.3

  sdk/modules/checklist:
    dependencies:
      '@portakiapp/module-sdk':
        specifier: workspace:*
        version: link:../../javascript
      react:
        specifier: ^19.1.0
        version: 19.2.6
      react-dom:
        specifier: ^19.1.0
        version: 19.2.6(react@19.2.6)
    devDependencies:
      '@types/react':
        specifier: ^19
        version: 19.2.14
      typescript:
        specifier: ^5
        version: 5.9.3

  sdk/modules/events:
    dependencies:
      '@portakiapp/module-sdk':
        specifier: workspace:*
        version: link:../../javascript
      react:
        specifier: ^19.1.0
        version: 19.2.6
      react-dom:
        specifier: ^19.1.0
        version: 19.2.6(react@19.2.6)
    devDependencies:
      '@types/react':
        specifier: ^19
        version: 19.2.14
      typescript:
        specifier: ^5
        version: 5.9.3

  sdk/modules/pre-arrival-form/frontend:
    dependencies:
      '@portakiapp/module-sdk':
        specifier: workspace:*
        version: link:../../../javascript
      react:
        specifier: ^19.1.0
        version: 19.2.6
      react-dom:
        specifier: ^19.1.0
        version: 19.2.6(react@19.2.6)
    devDependencies:
      '@types/react':
        specifier: ^19
        version: 19.2.14
      typescript:
        specifier: ^5
        version: 5.9.3

  sdk/modules/rules:
    dependencies:
      '@portakiapp/module-sdk':
        specifier: workspace:*
        version: link:../../javascript
      react:
        specifier: ^19.1.0
        version: 19.2.6
      react-dom:
        specifier: ^19.1.0
        version: 19.2.6(react@19.2.6)
    devDependencies:
      '@types/react':
        specifier: ^19
        version: 19.2.14
      typescript:
        specifier: ^5
        version: 5.9.3

  sdk/modules/train:
    dependencies:
      '@portakiapp/module-sdk':
        specifier: workspace:*
        version: link:../../javascript
      react:
        specifier: ^19.1.0
        version: 19.2.6
      react-dom:
        specifier: ^19.1.0
        version: 19.2.6(react@19.2.6)
    devDependencies:
      '@types/react':
        specifier: ^19
        version: 19.2.14
      typescript:
        specifier: ^5
        version: 5.9.3

packages:

  '@types/react@19.2.14':
    resolution: {integrity: sha512-ilcTH/UniCkMdtexkoCN0bI7pMcJDvmQFPvuPvmEaYA/NSfFTAgdUSLAoVjaRJm7+6PvcM+q1zYOwS4wTYMF9w==}

  csstype@3.2.3:
    resolution: {integrity: sha512-z1HGKcYy2xA8AGQfwrn0PAy+PB7X/GSj3UVJW9qKyn43xWa+gl5nXmU4qqLMRzWVLFC8KusUX8T/0kCiOYpAIQ==}

  react-dom@19.2.6:
    resolution: {integrity: sha512-0prMI+hvBbPjsWnxDLxlCGyM8PN6UuWjEUCYmZhO67xIV9Xasa/r/vDnq+Xyq4Lo27g8QSbO5YzARu0D1Sps3g==}
    peerDependencies:
      react: ^19.2.6

  react@19.2.6:
    resolution: {integrity: sha512-sfWGGfavi0xr8Pg0sVsyHMAOziVYKgPLNrS7ig+ivMNb3wbCBw3KxtflsGBAwD3gYQlE/AEZsTLgToRrSCjb0Q==}
    engines: {node: '>=0.10.0'}

  scheduler@0.27.0:
    resolution: {integrity: sha512-eNv+WrVbKu1f3vbYJT/xtiF5syA5HPIMtf9IgY/nKg0sWqzAUEvqY/xm7OcZc/qafLx/iO9FgOmeSAp4v5ti/Q==}

  typescript@5.9.3:
    resolution: {integrity: sha512-jl1vZzPDinLr9eUt3J/t7V6FgNEw9QjvBPdysz9KfQDD41fQrC2Y4vKQdiaUpFT4bXlb1RHhLpp8wtm6M5TgSw==}
    engines: {node: '>=14.17'}
    hasBin: true

snapshots:

  '@types/react@19.2.14':
    dependencies:
      csstype: 3.2.3

  csstype@3.2.3: {}

  react-dom@19.2.6(react@19.2.6):
    dependencies:
      react: 19.2.6
      scheduler: 0.27.0

  react@19.2.6: {}

  scheduler@0.27.0: {}

  typescript@5.9.3: {}
