lockfileVersion: '9.0'

settings:
  autoInstallPeers: true
  excludeLinksFromLockfile: false

importers:

  .:
    devDependencies:
      ajv:
        specifier: ^8.17.1
        version: 8.20.0
      ajv-formats:
        specifier: ^3.0.1
        version: 3.0.1(ajv@8.20.0)
      lucide-react:
        specifier: ^0.468.0
        version: 0.468.0(react@19.2.6)

  packages/appliances:
    dependencies:
      '@portaki/module-sdk':
        specifier: workspace:^
        version: link:../../sdk/javascript
      react:
        specifier: ^19.1.0
        version: 19.2.6
      react-dom:
        specifier: ^19.1.0
        version: 19.2.6(react@19.2.6)
    devDependencies:
      '@types/react':
        specifier: ^19
        version: 19.2.14
      typescript:
        specifier: ^5
        version: 5.9.3

  packages/checklist:
    dependencies:
      '@portaki/module-sdk':
        specifier: workspace:^
        version: link:../../sdk/javascript
      react:
        specifier: ^19.1.0
        version: 19.2.6
      react-dom:
        specifier: ^19.1.0
        version: 19.2.6(react@19.2.6)
    devDependencies:
      '@types/react':
        specifier: ^19
        version: 19.2.14
      typescript:
        specifier: ^5
        version: 5.9.3

  packages/events:
    dependencies:
      '@portaki/module-sdk':
        specifier: workspace:^
        version: link:../../sdk/javascript
      react:
        specifier: ^19.1.0
        version: 19.2.6
      react-dom:
        specifier: ^19.1.0
        version: 19.2.6(react@19.2.6)
    devDependencies:
      '@types/react':
        specifier: ^19
        version: 19.2.14
      typescript:
        specifier: ^5
        version: 5.9.3

  packages/pre-arrival-form/frontend:
    dependencies:
      '@portaki/module-sdk':
        specifier: workspace:^
        version: link:../../../sdk/javascript
      react:
        specifier: ^19.1.0
        version: 19.2.6
      react-dom:
        specifier: ^19.1.0
        version: 19.2.6(react@19.2.6)
    devDependencies:
      '@types/react':
        specifier: ^19
        version: 19.2.14
      typescript:
        specifier: ^5
        version: 5.9.3

  packages/rules:
    dependencies:
      '@portaki/module-sdk':
        specifier: workspace:^
        version: link:../../sdk/javascript
      react:
        specifier: ^19.1.0
        version: 19.2.6
      react-dom:
        specifier: ^19.1.0
        version: 19.2.6(react@19.2.6)
    devDependencies:
      '@types/react':
        specifier: ^19
        version: 19.2.14
      typescript:
        specifier: ^5
        version: 5.9.3

  packages/train:
    dependencies:
      '@portaki/module-sdk':
        specifier: workspace:^
        version: link:../../sdk/javascript
      react:
        specifier: ^19.1.0
        version: 19.2.6
      react-dom:
        specifier: ^19.1.0
        version: 19.2.6(react@19.2.6)
    devDependencies:
      '@types/react':
        specifier: ^19
        version: 19.2.14
      typescript:
        specifier: ^5
        version: 5.9.3

  sdk/javascript:
    dependencies:
      react:
        specifier: '>=18'
        version: 19.2.6
    devDependencies:
      '@types/react':
        specifier: ^19
        version: 19.2.14
      typescript:
        specifier: ^5
        version: 5.9.3

packages:

  '@types/react@19.2.14':
    resolution: {integrity: sha512-ilcTH/UniCkMdtexkoCN0bI7pMcJDvmQFPvuPvmEaYA/NSfFTAgdUSLAoVjaRJm7+6PvcM+q1zYOwS4wTYMF9w==}

  ajv-formats@3.0.1:
    resolution: {integrity: sha512-8iUql50EUR+uUcdRQ3HDqa6EVyo3docL8g5WJ3FNcWmu62IbkGUue/pEyLBW8VGKKucTPgqeks4fIU1DA4yowQ==}
    peerDependencies:
      ajv: ^8.0.0
    peerDependenciesMeta:
      ajv:
        optional: true

  ajv@8.20.0:
    resolution: {integrity: sha512-Thbli+OlOj+iMPYFBVBfJ3OmCAnaSyNn4M1vz9T6Gka5Jt9ba/HIR56joy65tY6kx/FCF5VXNB819Y7/GUrBGA==}

  csstype@3.2.3:
    resolution: {integrity: sha512-z1HGKcYy2xA8AGQfwrn0PAy+PB7X/GSj3UVJW9qKyn43xWa+gl5nXmU4qqLMRzWVLFC8KusUX8T/0kCiOYpAIQ==}

  fast-deep-equal@3.1.3:
    resolution: {integrity: sha512-f3qQ9oQy9j2AhBe/H9VC91wLmKBCCU/gDOnKNAYG5hswO7BLKj09Hc5HYNz9cGI++xlpDCIgDaitVs03ATR84Q==}

  fast-uri@3.1.2:
    resolution: {integrity: sha512-rVjf7ArG3LTk+FS6Yw81V1DLuZl1bRbNrev6Tmd/9RaroeeRRJhAt7jg/6YFxbvAQXUCavSoZhPPj6oOx+5KjQ==}

  json-schema-traverse@1.0.0:
    resolution: {integrity: sha512-NM8/P9n3XjXhIZn1lLhkFaACTOURQXjWhV4BA/RnOv8xvgqtqpAX9IO4mRQxSx1Rlo4tqzeqb0sOlruaOy3dug==}

  lucide-react@0.468.0:
    resolution: {integrity: sha512-6koYRhnM2N0GGZIdXzSeiNwguv1gt/FAjZOiPl76roBi3xKEXa4WmfpxgQwTTL4KipXjefrnf3oV4IsYhi4JFA==}
    peerDependencies:
      react: ^16.5.1 || ^17.0.0 || ^18.0.0 || ^19.0.0-rc

  react-dom@19.2.6:
    resolution: {integrity: sha512-0prMI+hvBbPjsWnxDLxlCGyM8PN6UuWjEUCYmZhO67xIV9Xasa/r/vDnq+Xyq4Lo27g8QSbO5YzARu0D1Sps3g==}
    peerDependencies:
      react: ^19.2.6

  react@19.2.6:
    resolution: {integrity: sha512-sfWGGfavi0xr8Pg0sVsyHMAOziVYKgPLNrS7ig+ivMNb3wbCBw3KxtflsGBAwD3gYQlE/AEZsTLgToRrSCjb0Q==}
    engines: {node: '>=0.10.0'}

  require-from-string@2.0.2:
    resolution: {integrity: sha512-Xf0nWe6RseziFMu+Ap9biiUbmplq6S9/p+7w7YXP/JBHhrUDDUhwa+vANyubuqfZWTveU//DYVGsDG7RKL/vEw==}
    engines: {node: '>=0.10.0'}

  scheduler@0.27.0:
    resolution: {integrity: sha512-eNv+WrVbKu1f3vbYJT/xtiF5syA5HPIMtf9IgY/nKg0sWqzAUEvqY/xm7OcZc/qafLx/iO9FgOmeSAp4v5ti/Q==}

  typescript@5.9.3:
    resolution: {integrity: sha512-jl1vZzPDinLr9eUt3J/t7V6FgNEw9QjvBPdysz9KfQDD41fQrC2Y4vKQdiaUpFT4bXlb1RHhLpp8wtm6M5TgSw==}
    engines: {node: '>=14.17'}
    hasBin: true

snapshots:

  '@types/react@19.2.14':
    dependencies:
      csstype: 3.2.3

  ajv-formats@3.0.1(ajv@8.20.0):
    optionalDependencies:
      ajv: 8.20.0

  ajv@8.20.0:
    dependencies:
      fast-deep-equal: 3.1.3
      fast-uri: 3.1.2
      json-schema-traverse: 1.0.0
      require-from-string: 2.0.2

  csstype@3.2.3: {}

  fast-deep-equal@3.1.3: {}

  fast-uri@3.1.2: {}

  json-schema-traverse@1.0.0: {}

  lucide-react@0.468.0(react@19.2.6):
    dependencies:
      react: 19.2.6

  react-dom@19.2.6(react@19.2.6):
    dependencies:
      react: 19.2.6
      scheduler: 0.27.0

  react@19.2.6: {}

  require-from-string@2.0.2: {}

  scheduler@0.27.0: {}

  typescript@5.9.3: {}
